
Microsoft Visual Studio Solution File, Format Version 12.00
# Visual Studio 14
VisualStudioVersion = 14.0.25420.1
MinimumVisualStudioVersion = 10.0.40219.1
Project("{FAE04EC0-301F-11D3-BF4B-00C04F79EFBC}") = "OnTime.DataLayer", "OnTime.DataLayer\OnTime.DataLayer.csproj", "{CDCB09AA-0191-47D9-94DF-80F3DA6BF1B9}"
EndProject
Project("{FAE04EC0-301F-11D3-BF4B-00C04F79EFBC}") = "OnTime.Web", "OnTime.Web\OnTime.Web.csproj", "{699A2CC7-07AA-40CA-990D-4F03D83192F3}"
EndProject
Project("{FAE04EC0-301F-11D3-BF4B-00C04F79EFBC}") = "OnTime.AdminUI", "OnTime.AdminUI\OnTime.AdminUI.csproj", "{5B2FD82E-7206-4202-A5A3-AF5347C18A6E}"
EndProject
Global
	GlobalSection(SolutionConfigurationPlatforms) = preSolution
		Debug|Any CPU = Debug|Any CPU
		Release|Any CPU = Release|Any CPU
	EndGlobalSection
	GlobalSection(ProjectConfigurationPlatforms) = postSolution
		{CDCB09AA-0191-47D9-94DF-80F3DA6BF1B9}.Debug|Any CPU.ActiveCfg = Debug|Any CPU
		{CDCB09AA-0191-47D9-94DF-80F3DA6BF1B9}.Debug|Any CPU.Build.0 = Debug|Any CPU
		{CDCB09AA-0191-47D9-94DF-80F3DA6BF1B9}.Release|Any CPU.ActiveCfg = Release|Any CPU
		{CDCB09AA-0191-47D9-94DF-80F3DA6BF1B9}.Release|Any CPU.Build.0 = Release|Any CPU
		{699A2CC7-07AA-40CA-990D-4F03D83192F3}.Debug|Any CPU.ActiveCfg = Debug|Any CPU
		{699A2CC7-07AA-40CA-990D-4F03D83192F3}.Debug|Any CPU.Build.0 = Debug|Any CPU
		{699A2CC7-07AA-40CA-990D-4F03D83192F3}.Release|Any CPU.ActiveCfg = Release|Any CPU
		{699A2CC7-07AA-40CA-990D-4F03D83192F3}.Release|Any CPU.Build.0 = Release|Any CPU
		{5B2FD82E-7206-4202-A5A3-AF5347C18A6E}.Debug|Any CPU.ActiveCfg = Debug|Any CPU
		{5B2FD82E-7206-4202-A5A3-AF5347C18A6E}.Debug|Any CPU.Build.0 = Debug|Any CPU
		{5B2FD82E-7206-4202-A5A3-AF5347C18A6E}.Release|Any CPU.ActiveCfg = Release|Any CPU
		{5B2FD82E-7206-4202-A5A3-AF5347C18A6E}.Release|Any CPU.Build.0 = Release|Any CPU
	EndGlobalSection
	GlobalSection(SolutionProperties) = preSolution
		HideSolutionNode = FALSE
	EndGlobalSection
EndGlobal
